
Microsoft Visual Studio Solution File, Format Version 12.00
# Visual Studio Version 16
VisualStudioVersion = 16.0.31624.102
MinimumVisualStudioVersion = 10.0.40219.1
Project("{FAE04EC0-301F-11D3-BF4B-00C04F79EFBC}") = "SalesWebMVC", "SalesWebMVC\SalesWebMVC.csproj", "{6ACA8457-9C10-4C2D-9175-38D0CCF8BFA7}"
EndProject
Global
	GlobalSection(SolutionConfigurationPlatforms) = preSolution
		Debug|Any CPU = Debug|Any CPU
		Release|Any CPU = Release|Any CPU
	EndGlobalSection
	GlobalSection(ProjectConfigurationPlatforms) = postSolution
		{6ACA8457-9C10-4C2D-9175-38D0CCF8BFA7}.Debug|Any CPU.ActiveCfg = Debug|Any CPU
		{6ACA8457-9C10-4C2D-9175-38D0CCF8BFA7}.Debug|Any CPU.Build.0 = Debug|Any CPU
		{6ACA8457-9C10-4C2D-9175-38D0CCF8BFA7}.Release|Any CPU.ActiveCfg = Release|Any CPU
		{6ACA8457-9C10-4C2D-9175-38D0CCF8BFA7}.Release|Any CPU.Build.0 = Release|Any CPU
	EndGlobalSection
	GlobalSection(SolutionProperties) = preSolution
		HideSolutionNode = FALSE
	EndGlobalSection
	GlobalSection(ExtensibilityGlobals) = postSolution
		SolutionGuid = {6962CF73-0DA0-4F15-B560-D14A3F86F3A7}
	EndGlobalSection
EndGlobal
